// !$*UTF8*$!
{
	archiveVersion = 1;
	classes = {
	};
	objectVersion = 56;
	objects = {

/* Begin PBXBuildFile section */
		2B0EFFD72CC128A2005AFC35 /* AppDelegate.swift in Sources */ = {isa = PBXBuildFile; fileRef = 2B0EFFD62CC128A2005AFC35 /* AppDelegate.swift */; };
		2B0EFFD92CC128A2005AFC35 /* SceneDelegate.swift in Sources */ = {isa = PBXBuildFile; fileRef = 2B0EFFD82CC128A2005AFC35 /* SceneDelegate.swift */; };
		2B0EFFDB2CC128A2005AFC35 /* ViewController.swift in Sources */ = {isa = PBXBuildFile; fileRef = 2B0EFFDA2CC128A2005AFC35 /* ViewController.swift */; };
		2B0EFFDE2CC128A2005AFC35 /* Base in Resources */ = {isa = PBXBuildFile; fileRef = 2B0EFFDD2CC128A2005AFC35 /* Base */; };
		2B0EFFE02CC128A3005AFC35 /* Assets.xcassets in Resources */ = {isa = PBXBuildFile; fileRef = 2B0EFFDF2CC128A3005AFC35 /* Assets.xcassets */; };
		2B0EFFE32CC128A3005AFC35 /* Base in Resources */ = {isa = PBXBuildFile; fileRef = 2B0EFFE22CC128A3005AFC35 /* Base */; };
		2B0EFFEE2CC128A3005AFC35 /* Say__tahmin_uygulamas_Tests.swift in Sources */ = {isa = PBXBuildFile; fileRef = 2B0EFFED2CC128A3005AFC35 /* Say__tahmin_uygulamas_Tests.swift */; };
		2B0EFFF82CC128A3005AFC35 /* Say__tahmin_uygulamas_UITests.swift in Sources */ = {isa = PBXBuildFile; fileRef = 2B0EFFF72CC128A3005AFC35 /* Say__tahmin_uygulamas_UITests.swift */; };
		2B0EFFFA2CC128A3005AFC35 /* Say__tahmin_uygulamas_UITestsLaunchTests.swift in Sources */ = {isa = PBXBuildFile; fileRef = 2B0EFFF92CC128A3005AFC35 /* Say__tahmin_uygulamas_UITestsLaunchTests.swift */; };
/* End PBXBuildFile section */

/* Begin PBXContainerItemProxy section */
		2B0EFFEA2CC128A3005AFC35 /* PBXContainerItemProxy */ = {
			isa = PBXContainerItemProxy;
			containerPortal = 2B0EFFCB2CC128A2005AFC35 /* Project object */;
			proxyType = 1;
			remoteGlobalIDString = 2B0EFFD22CC128A2005AFC35;
			remoteInfo = "Sayı tahmin uygulaması";
		};
		2B0EFFF42CC128A3005AFC35 /* PBXContainerItemProxy */ = {
			isa = PBXContainerItemProxy;
			containerPortal = 2B0EFFCB2CC128A2005AFC35 /* Project object */;
			proxyType = 1;
			remoteGlobalIDString = 2B0EFFD22CC128A2005AFC35;
			remoteInfo = "Sayı tahmin uygulaması";
		};
/* End PBXContainerItemProxy section */

/* Begin PBXFileReference section */
		2B0EFFD32CC128A2005AFC35 /* Sayı tahmin uygulaması.app */ = {isa = PBXFileReference; explicitFileType = wrapper.application; includeInIndex = 0; path = "Sayı tahmin uygulaması.app"; sourceTree = BUILT_PRODUCTS_DIR; };
		2B0EFFD62CC128A2005AFC35 /* AppDelegate.swift */ = {isa = PBXFileReference; lastKnownFileType = sourcecode.swift; path = AppDelegate.swift; sourceTree = "<group>"; };
		2B0EFFD82CC128A2005AFC35 /* SceneDelegate.swift */ = {isa = PBXFileReference; lastKnownFileType = sourcecode.swift; path = SceneDelegate.swift; sourceTree = "<group>"; };
		2B0EFFDA2CC128A2005AFC35 /* ViewController.swift */ = {isa = PBXFileReference; lastKnownFileType = sourcecode.swift; path = ViewController.swift; sourceTree = "<group>"; };
		2B0EFFDD2CC128A2005AFC35 /* Base */ = {isa = PBXFileReference; lastKnownFileType = file.storyboard; name = Base; path = Base.lproj/Main.storyboard; sourceTree = "<group>"; };
		2B0EFFDF2CC128A3005AFC35 /* Assets.xcassets */ = {isa = PBXFileReference; lastKnownFileType = folder.assetcatalog; path = Assets.xcassets; sourceTree = "<group>"; };
		2B0EFFE22CC128A3005AFC35 /* Base */ = {isa = PBXFileReference; lastKnownFileType = file.storyboard; name = Base; path = Base.lproj/LaunchScreen.storyboard; sourceTree = "<group>"; };
		2B0EFFE42CC128A3005AFC35 /* Info.plist */ = {isa = PBXFileReference; lastKnownFileType = text.plist.xml; path = Info.plist; sourceTree = "<group>"; };
		2B0EFFE92CC128A3005AFC35 /* Sayı tahmin uygulamasıTests.xctest */ = {isa = PBXFileReference; explicitFileType = wrapper.cfbundle; includeInIndex = 0; path = "Sayı tahmin uygulamasıTests.xctest"; sourceTree = BUILT_PRODUCTS_DIR; };
		2B0EFFED2CC128A3005AFC35 /* Say__tahmin_uygulamas_Tests.swift */ = {isa = PBXFileReference; lastKnownFileType = sourcecode.swift; path = Say__tahmin_uygulamas_Tests.swift; sourceTree = "<group>"; };
		2B0EFFF32CC128A3005AFC35 /* Sayı tahmin uygulamasıUITests.xctest */ = {isa = PBXFileReference; explicitFileType = wrapper.cfbundle; includeInIndex = 0; path = "Sayı tahmin uygulamasıUITests.xctest"; sourceTree = BUILT_PRODUCTS_DIR; };
		2B0EFFF72CC128A3005AFC35 /* Say__tahmin_uygulamas_UITests.swift */ = {isa = PBXFileReference; lastKnownFileType = sourcecode.swift; path = Say__tahmin_uygulamas_UITests.swift; sourceTree = "<group>"; };
		2B0EFFF92CC128A3005AFC35 /* Say__tahmin_uygulamas_UITestsLaunchTests.swift */ = {isa = PBXFileReference; lastKnownFileType = sourcecode.swift; path = Say__tahmin_uygulamas_UITestsLaunchTests.swift; sourceTree = "<group>"; };
/* End PBXFileReference section */

/* Begin PBXFrameworksBuildPhase section */
		2B0EFFD02CC128A2005AFC35 /* Frameworks */ = {
			isa = PBXFrameworksBuildPhase;
			buildActionMask = 2147483647;
			files = (
			);
			runOnlyForDeploymentPostprocessing = 0;
		};
		2B0EFFE62CC128A3005AFC35 /* Frameworks */ = {
			isa = PBXFrameworksBuildPhase;
			buildActionMask = 2147483647;
			files = (
			);
			runOnlyForDeploymentPostprocessing = 0;
		};
		2B0EFFF02CC128A3005AFC35 /* Frameworks */ = {
			isa = PBXFrameworksBuildPhase;
			buildActionMask = 2147483647;
			files = (
			);
			runOnlyForDeploymentPostprocessing = 0;
		};
/* End PBXFrameworksBuildPhase section */

/* Begin PBXGroup section */
		2B0EFFCA2CC128A2005AFC35 = {
			isa = PBXGroup;
			children = (
				2B0EFFD52CC128A2005AFC35 /* Sayı tahmin uygulaması */,
				2B0EFFEC2CC128A3005AFC35 /* Sayı tahmin uygulamasıTests */,
				2B0EFFF62CC128A3005AFC35 /* Sayı tahmin uygulamasıUITests */,
				2B0EFFD42CC128A2005AFC35 /* Products */,
			);
			sourceTree = "<group>";
		};
		2B0EFFD42CC128A2005AFC35 /* Products */ = {
			isa = PBXGroup;
			children = (
				2B0EFFD32CC128A2005AFC35 /* Sayı tahmin uygulaması.app */,
				2B0EFFE92CC128A3005AFC35 /* Sayı tahmin uygulamasıTests.xctest */,
				2B0EFFF32CC128A3005AFC35 /* Sayı tahmin uygulamasıUITests.xctest */,
			);
			name = Products;
			sourceTree = "<group>";
		};
		2B0EFFD52CC128A2005AFC35 /* Sayı tahmin uygulaması */ = {
			isa = PBXGroup;
			children = (
				2B0EFFD62CC128A2005AFC35 /* AppDelegate.swift */,
				2B0EFFD82CC128A2005AFC35 /* SceneDelegate.swift */,
				2B0EFFDA2CC128A2005AFC35 /* ViewController.swift */,
				2B0EFFDC2CC128A2005AFC35 /* Main.storyboard */,
				2B0EFFDF2CC128A3005AFC35 /* Assets.xcassets */,
				2B0EFFE12CC128A3005AFC35 /* LaunchScreen.storyboard */,
				2B0EFFE42CC128A3005AFC35 /* Info.plist */,
			);
			path = "Sayı tahmin uygulaması";
			sourceTree = "<group>";
		};
		2B0EFFEC2CC128A3005AFC35 /* Sayı tahmin uygulamasıTests */ = {
			isa = PBXGroup;
			children = (
				2B0EFFED2CC128A3005AFC35 /* Say__tahmin_uygulamas_Tests.swift */,
			);
			path = "Sayı tahmin uygulamasıTests";
			sourceTree = "<group>";
		};
		2B0EFFF62CC128A3005AFC35 /* Sayı tahmin uygulamasıUITests */ = {
			isa = PBXGroup;
			children = (
				2B0EFFF72CC128A3005AFC35 /* Say__tahmin_uygulamas_UITests.swift */,
				2B0EFFF92CC128A3005AFC35 /* Say__tahmin_uygulamas_UITestsLaunchTests.swift */,
			);
			path = "Sayı tahmin uygulamasıUITests";
			sourceTree = "<group>";
		};
/* End PBXGroup section */

/* Begin PBXNativeTarget section */
		2B0EFFD22CC128A2005AFC35 /* Sayı tahmin uygulaması */ = {
			isa = PBXNativeTarget;
			buildConfigurationList = 2B0EFFFD2CC128A3005AFC35 /* Build configuration list for PBXNativeTarget "Sayı tahmin uygulaması" */;
			buildPhases = (
				2B0EFFCF2CC128A2005AFC35 /* Sources */,
				2B0EFFD02CC128A2005AFC35 /* Frameworks */,
				2B0EFFD12CC128A2005AFC35 /* Resources */,
			);
			buildRules = (
			);
			dependencies = (
			);
			name = "Sayı tahmin uygulaması";
			productName = "Sayı tahmin uygulaması";
			productReference = 2B0EFFD32CC128A2005AFC35 /* Sayı tahmin uygulaması.app */;
			productType = "com.apple.product-type.application";
		};
		2B0EFFE82CC128A3005AFC35 /* Sayı tahmin uygulamasıTests */ = {
			isa = PBXNativeTarget;
			buildConfigurationList = 2B0E00002CC128A3005AFC35 /* Build configuration list for PBXNativeTarget "Sayı tahmin uygulamasıTests" */;
			buildPhases = (
				2B0EFFE52CC128A3005AFC35 /* Sources */,
				2B0EFFE62CC128A3005AFC35 /* Frameworks */,
				2B0EFFE72CC128A3005AFC35 /* Resources */,
			);
			buildRules = (
			);
			dependencies = (
				2B0EFFEB2CC128A3005AFC35 /* PBXTargetDependency */,
			);
			name = "Sayı tahmin uygulamasıTests";
			productName = "Sayı tahmin uygulamasıTests";
			productReference = 2B0EFFE92CC128A3005AFC35 /* Sayı tahmin uygulamasıTests.xctest */;
			productType = "com.apple.product-type.bundle.unit-test";
		};
		2B0EFFF22CC128A3005AFC35 /* Sayı tahmin uygulamasıUITests */ = {
			isa = PBXNativeTarget;
			buildConfigurationList = 2B0E00032CC128A3005AFC35 /* Build configuration list for PBXNativeTarget "Sayı tahmin uygulamasıUITests" */;
			buildPhases = (
				2B0EFFEF2CC128A3005AFC35 /* Sources */,
				2B0EFFF02CC128A3005AFC35 /* Frameworks */,
				2B0EFFF12CC128A3005AFC35 /* Resources */,
			);
			buildRules = (
			);
			dependencies = (
				2B0EFFF52CC128A3005AFC35 /* PBXTargetDependency */,
			);
			name = "Sayı tahmin uygulamasıUITests";
			productName = "Sayı tahmin uygulamasıUITests";
			productReference = 2B0EFFF32CC128A3005AFC35 /* Sayı tahmin uygulamasıUITests.xctest */;
			productType = "com.apple.product-type.bundle.ui-testing";
		};
/* End PBXNativeTarget section */

/* Begin PBXProject section */
		2B0EFFCB2CC128A2005AFC35 /* Project object */ = {
			isa = PBXProject;
			attributes = {
				BuildIndependentTargetsInParallel = 1;
				LastSwiftUpdateCheck = 1540;
				LastUpgradeCheck = 1540;
				TargetAttributes = {
					2B0EFFD22CC128A2005AFC35 = {
						CreatedOnToolsVersion = 15.4;
					};
					2B0EFFE82CC128A3005AFC35 = {
						CreatedOnToolsVersion = 15.4;
						TestTargetID = 2B0EFFD22CC128A2005AFC35;
					};
					2B0EFFF22CC128A3005AFC35 = {
						CreatedOnToolsVersion = 15.4;
						TestTargetID = 2B0EFFD22CC128A2005AFC35;
					};
				};
			};
			buildConfigurationList = 2B0EFFCE2CC128A2005AFC35 /* Build configuration list for PBXProject "Sayı tahmin uygulaması" */;
			compatibilityVersion = "Xcode 14.0";
			developmentRegion = en;
			hasScannedForEncodings = 0;
			knownRegions = (
				en,
				Base,
			);
			mainGroup = 2B0EFFCA2CC128A2005AFC35;
			productRefGroup = 2B0EFFD42CC128A2005AFC35 /* Products */;
			projectDirPath = "";
			projectRoot = "";
			targets = (
				2B0EFFD22CC128A2005AFC35 /* Sayı tahmin uygulaması */,
				2B0EFFE82CC128A3005AFC35 /* Sayı tahmin uygulamasıTests */,
				2B0EFFF22CC128A3005AFC35 /* Sayı tahmin uygulamasıUITests */,
			);
		};
/* End PBXProject section */

/* Begin PBXResourcesBuildPhase section */
		2B0EFFD12CC128A2005AFC35 /* Resources */ = {
			isa = PBXResourcesBuildPhase;
			buildActionMask = 2147483647;
			files = (
				2B0EFFE02CC128A3005AFC35 /* Assets.xcassets in Resources */,
				2B0EFFE32CC128A3005AFC35 /* Base in Resources */,
				2B0EFFDE2CC128A2005AFC35 /* Base in Resources */,
			);
			runOnlyForDeploymentPostprocessing = 0;
		};
		2B0EFFE72CC128A3005AFC35 /* Resources */ = {
			isa = PBXResourcesBuildPhase;
			buildActionMask = 2147483647;
			files = (
			);
			runOnlyForDeploymentPostprocessing = 0;
		};
		2B0EFFF12CC128A3005AFC35 /* Resources */ = {
			isa = PBXResourcesBuildPhase;
			buildActionMask = 2147483647;
			files = (
			);
			runOnlyForDeploymentPostprocessing = 0;
		};
/* End PBXResourcesBuildPhase section */

/* Begin PBXSourcesBuildPhase section */
		2B0EFFCF2CC128A2005AFC35 /* Sources */ = {
			isa = PBXSourcesBuildPhase;
			buildActionMask = 2147483647;
			files = (
				2B0EFFDB2CC128A2005AFC35 /* ViewController.swift in Sources */,
				2B0EFFD72CC128A2005AFC35 /* AppDelegate.swift in Sources */,
				2B0EFFD92CC128A2005AFC35 /* SceneDelegate.swift in Sources */,
			);
			runOnlyForDeploymentPostprocessing = 0;
		};
		2B0EFFE52CC128A3005AFC35 /* Sources */ = {
			isa = PBXSourcesBuildPhase;
			buildActionMask = 2147483647;
			files = (
				2B0EFFEE2CC128A3005AFC35 /* Say__tahmin_uygulamas_Tests.swift in Sources */,
			);
			runOnlyForDeploymentPostprocessing = 0;
		};
		2B0EFFEF2CC128A3005AFC35 /* Sources */ = {
			isa = PBXSourcesBuildPhase;
			buildActionMask = 2147483647;
			files = (
				2B0EFFFA2CC128A3005AFC35 /* Say__tahmin_uygulamas_UITestsLaunchTests.swift in Sources */,
				2B0EFFF82CC128A3005AFC35 /* Say__tahmin_uygulamas_UITests.swift in Sources */,
			);
			runOnlyForDeploymentPostprocessing = 0;
		};
/* End PBXSourcesBuildPhase section */

/* Begin PBXTargetDependency section */
		2B0EFFEB2CC128A3005AFC35 /* PBXTargetDependency */ = {
			isa = PBXTargetDependency;
			target = 2B0EFFD22CC128A2005AFC35 /* Sayı tahmin uygulaması */;
			targetProxy = 2B0EFFEA2CC128A3005AFC35 /* PBXContainerItemProxy */;
		};
		2B0EFFF52CC128A3005AFC35 /* PBXTargetDependency */ = {
			isa = PBXTargetDependency;
			target = 2B0EFFD22CC128A2005AFC35 /* Sayı tahmin uygulaması */;
			targetProxy = 2B0EFFF42CC128A3005AFC35 /* PBXContainerItemProxy */;
		};
/* End PBXTargetDependency section */

/* Begin PBXVariantGroup section */
		2B0EFFDC2CC128A2005AFC35 /* Main.storyboard */ = {
			isa = PBXVariantGroup;
			children = (
				2B0EFFDD2CC128A2005AFC35 /* Base */,
			);
			name = Main.storyboard;
			sourceTree = "<group>";
		};
		2B0EFFE12CC128A3005AFC35 /* LaunchScreen.storyboard */ = {
			isa = PBXVariantGroup;
			children = (
				2B0EFFE22CC128A3005AFC35 /* Base */,
			);
			name = LaunchScreen.storyboard;
			sourceTree = "<group>";
		};
/* End PBXVariantGroup section */

/* Begin XCBuildConfiguration section */
		2B0E00012CC128A3005AFC35 /* Debug */ = {
			isa = XCBuildConfiguration;
			buildSettings = {
				ALWAYS_EMBED_SWIFT_STANDARD_LIBRARIES = YES;
				BUNDLE_LOADER = "$(TEST_HOST)";
				CODE_SIGN_STYLE = Automatic;
				CURRENT_PROJECT_VERSION = 1;
				GENERATE_INFOPLIST_FILE = YES;
				IPHONEOS_DEPLOYMENT_TARGET = 17.5;
				MARKETING_VERSION = 1.0;
				PRODUCT_BUNDLE_IDENTIFIER = "none.Say--tahmin-uygulamas-Tests";
				PRODUCT_NAME = "$(TARGET_NAME)";
				SWIFT_EMIT_LOC_STRINGS = NO;
				SWIFT_VERSION = 5.0;
				TARGETED_DEVICE_FAMILY = "1,2";
				TEST_HOST = "$(BUILT_PRODUCTS_DIR)/Sayı tahmin uygulaması.app/$(BUNDLE_EXECUTABLE_FOLDER_PATH)/Sayı tahmin uygulaması";
			};
			name = Debug;
		};
		2B0E00022CC128A3005AFC35 /* Release */ = {
			isa = XCBuildConfiguration;
			buildSettings = {
				ALWAYS_EMBED_SWIFT_STANDARD_LIBRARIES = YES;
				BUNDLE_LOADER = "$(TEST_HOST)";
				CODE_SIGN_STYLE = Automatic;
				CURRENT_PROJECT_VERSION = 1;
				GENERATE_INFOPLIST_FILE = YES;
				IPHONEOS_DEPLOYMENT_TARGET = 17.5;
				MARKETING_VERSION = 1.0;
				PRODUCT_BUNDLE_IDENTIFIER = "none.Say--tahmin-uygulamas-Tests";
				PRODUCT_NAME = "$(TARGET_NAME)";
				SWIFT_EMIT_LOC_STRINGS = NO;
				SWIFT_VERSION = 5.0;
				TARGETED_DEVICE_FAMILY = "1,2";
				TEST_HOST = "$(BUILT_PRODUCTS_DIR)/Sayı tahmin uygulaması.app/$(BUNDLE_EXECUTABLE_FOLDER_PATH)/Sayı tahmin uygulaması";
			};
			name = Release;
		};
		2B0E00042CC128A3005AFC35 /* Debug */ = {
			isa = XCBuildConfiguration;
			buildSettings = {
				ALWAYS_EMBED_SWIFT_STANDARD_LIBRARIES = YES;
				CODE_SIGN_STYLE = Automatic;
				CURRENT_PROJECT_VERSION = 1;
				GENERATE_INFOPLIST_FILE = YES;
				MARKETING_VERSION = 1.0;
				PRODUCT_BUNDLE_IDENTIFIER = "none.Say--tahmin-uygulamas-UITests";
				PRODUCT_NAME = "$(TARGET_NAME)";
				SWIFT_EMIT_LOC_STRINGS = NO;
				SWIFT_VERSION = 5.0;
				TARGETED_DEVICE_FAMILY = "1,2";
				TEST_TARGET_NAME = "Sayı tahmin uygulaması";
			};
			name = Debug;
		};
		2B0E00052CC128A3005AFC35 /* Release */ = {
			isa = XCBuildConfiguration;
			buildSettings = {
				ALWAYS_EMBED_SWIFT_STANDARD_LIBRARIES = YES;
				CODE_SIGN_STYLE = Automatic;
				CURRENT_PROJECT_VERSION = 1;
				GENERATE_INFOPLIST_FILE = YES;
				MARKETING_VERSION = 1.0;
				PRODUCT_BUNDLE_IDENTIFIER = "none.Say--tahmin-uygulamas-UITests";
				PRODUCT_NAME = "$(TARGET_NAME)";
				SWIFT_EMIT_LOC_STRINGS = NO;
				SWIFT_VERSION = 5.0;
				TARGETED_DEVICE_FAMILY = "1,2";
				TEST_TARGET_NAME = "Sayı tahmin uygulaması";
			};
			name = Release;
		};
		2B0EFFFB2CC128A3005AFC35 /* Debug */ = {
			isa = XCBuildConfiguration;
			buildSettings = {
				ALWAYS_SEARCH_USER_PATHS = NO;
				ASSETCATALOG_COMPILER_GENERATE_SWIFT_ASSET_SYMBOL_EXTENSIONS = YES;
				CLANG_ANALYZER_NONNULL = YES;
				CLANG_ANALYZER_NUMBER_OBJECT_CONVERSION = YES_AGGRESSIVE;
				CLANG_CXX_LANGUAGE_STANDARD = "gnu++20";
				CLANG_ENABLE_MODULES = YES;
				CLANG_ENABLE_OBJC_ARC = YES;
				CLANG_ENABLE_OBJC_WEAK = YES;
				CLANG_WARN_BLOCK_CAPTURE_AUTORELEASING = YES;
				CLANG_WARN_BOOL_CONVERSION = YES;
				CLANG_WARN_COMMA = YES;
				CLANG_WARN_CONSTANT_CONVERSION = YES;
				CLANG_WARN_DEPRECATED_OBJC_IMPLEMENTATIONS = YES;
				CLANG_WARN_DIRECT_OBJC_ISA_USAGE = YES_ERROR;
				CLANG_WARN_DOCUMENTATION_COMMENTS = YES;
				CLANG_WARN_EMPTY_BODY = YES;
				CLANG_WARN_ENUM_CONVERSION = YES;
				CLANG_WARN_INFINITE_RECURSION = YES;
				CLANG_WARN_INT_CONVERSION = YES;
				CLANG_WARN_NON_LITERAL_NULL_CONVERSION = YES;
				CLANG_WARN_OBJC_IMPLICIT_RETAIN_SELF = YES;
				CLANG_WARN_OBJC_LITERAL_CONVERSION = YES;
				CLANG_WARN_OBJC_ROOT_CLASS = YES_ERROR;
				CLANG_WARN_QUOTED_INCLUDE_IN_FRAMEWORK_HEADER = YES;
				CLANG_WARN_RANGE_LOOP_ANALYSIS = YES;
				CLANG_WARN_STRICT_PROTOTYPES = YES;
				CLANG_WARN_SUSPICIOUS_MOVE = YES;
				CLANG_WARN_UNGUARDED_AVAILABILITY = YES_AGGRESSIVE;
				CLANG_WARN_UNREACHABLE_CODE = YES;
				CLANG_WARN__DUPLICATE_METHOD_MATCH = YES;
				COPY_PHASE_STRIP = NO;
				DEBUG_INFORMATION_FORMAT = dwarf;
				ENABLE_STRICT_OBJC_MSGSEND = YES;
				ENABLE_TESTABILITY = YES;
				ENABLE_USER_SCRIPT_SANDBOXING = YES;
				GCC_C_LANGUAGE_STANDARD = gnu17;
				GCC_DYNAMIC_NO_PIC = NO;
				GCC_NO_COMMON_BLOCKS = YES;
				GCC_OPTIMIZATION_LEVEL = 0;
				GCC_PREPROCESSOR_DEFINITIONS = (
					"DEBUG=1",
					"$(inherited)",
				);
				GCC_WARN_64_TO_32_BIT_CONVERSION = YES;
				GCC_WARN_ABOUT_RETURN_TYPE = YES_ERROR;
				GCC_WARN_UNDECLARED_SELECTOR = YES;
				GCC_WARN_UNINITIALIZED_AUTOS = YES_AGGRESSIVE;
				GCC_WARN_UNUSED_FUNCTION = YES;
				GCC_WARN_UNUSED_VARIABLE = YES;
				IPHONEOS_DEPLOYMENT_TARGET = 17.5;
				LOCALIZATION_PREFERS_STRING_CATALOGS = YES;
				MTL_ENABLE_DEBUG_INFO = INCLUDE_SOURCE;
				MTL_FAST_MATH = YES;
				ONLY_ACTIVE_ARCH = YES;
				SDKROOT = iphoneos;
				SWIFT_ACTIVE_COMPILATION_CONDITIONS = "DEBUG $(inherited)";
				SWIFT_OPTIMIZATION_LEVEL = "-Onone";
			};
			name = Debug;
		};
		2B0EFFFC2CC128A3005AFC35 /* Release */ = {
			isa = XCBuildConfiguration;
			buildSettings = {
				ALWAYS_SEARCH_USER_PATHS = NO;
				ASSETCATALOG_COMPILER_GENERATE_SWIFT_ASSET_SYMBOL_EXTENSIONS = YES;
				CLANG_ANALYZER_NONNULL = YES;
				CLANG_ANALYZER_NUMBER_OBJECT_CONVERSION = YES_AGGRESSIVE;
				CLANG_CXX_LANGUAGE_STANDARD = "gnu++20";
				CLANG_ENABLE_MODULES = YES;
				CLANG_ENABLE_OBJC_ARC = YES;
				CLANG_ENABLE_OBJC_WEAK = YES;
				CLANG_WARN_BLOCK_CAPTURE_AUTORELEASING = YES;
				CLANG_WARN_BOOL_CONVERSION = YES;
				CLANG_WARN_COMMA = YES;
				CLANG_WARN_CONSTANT_CONVERSION = YES;
				CLANG_WARN_DEPRECATED_OBJC_IMPLEMENTATIONS = YES;
				CLANG_WARN_DIRECT_OBJC_ISA_USAGE = YES_ERROR;
				CLANG_WARN_DOCUMENTATION_COMMENTS = YES;
				CLANG_WARN_EMPTY_BODY = YES;
				CLANG_WARN_ENUM_CONVERSION = YES;
				CLANG_WARN_INFINITE_RECURSION = YES;
				CLANG_WARN_INT_CONVERSION = YES;
				CLANG_WARN_NON_LITERAL_NULL_CONVERSION = YES;
				CLANG_WARN_OBJC_IMPLICIT_RETAIN_SELF = YES;
				CLANG_WARN_OBJC_LITERAL_CONVERSION = YES;
				CLANG_WARN_OBJC_ROOT_CLASS = YES_ERROR;
				CLANG_WARN_QUOTED_INCLUDE_IN_FRAMEWORK_HEADER = YES;
				CLANG_WARN_RANGE_LOOP_ANALYSIS = YES;
				CLANG_WARN_STRICT_PROTOTYPES = YES;
				CLANG_WARN_SUSPICIOUS_MOVE = YES;
				CLANG_WARN_UNGUARDED_AVAILABILITY = YES_AGGRESSIVE;
				CLANG_WARN_UNREACHABLE_CODE = YES;
				CLANG_WARN__DUPLICATE_METHOD_MATCH = YES;
				COPY_PHASE_STRIP = NO;
				DEBUG_INFORMATION_FORMAT = "dwarf-with-dsym";
				ENABLE_NS_ASSERTIONS = NO;
				ENABLE_STRICT_OBJC_MSGSEND = YES;
				ENABLE_USER_SCRIPT_SANDBOXING = YES;
				GCC_C_LANGUAGE_STANDARD = gnu17;
				GCC_NO_COMMON_BLOCKS = YES;
				GCC_WARN_64_TO_32_BIT_CONVERSION = YES;
				GCC_WARN_ABOUT_RETURN_TYPE = YES_ERROR;
				GCC_WARN_UNDECLARED_SELECTOR = YES;
				GCC_WARN_UNINITIALIZED_AUTOS = YES_AGGRESSIVE;
				GCC_WARN_UNUSED_FUNCTION = YES;
				GCC_WARN_UNUSED_VARIABLE = YES;
				IPHONEOS_DEPLOYMENT_TARGET = 17.5;
				LOCALIZATION_PREFERS_STRING_CATALOGS = YES;
				MTL_ENABLE_DEBUG_INFO = NO;
				MTL_FAST_MATH = YES;
				SDKROOT = iphoneos;
				SWIFT_COMPILATION_MODE = wholemodule;
				VALIDATE_PRODUCT = YES;
			};
			name = Release;
		};
		2B0EFFFE2CC128A3005AFC35 /* Debug */ = {
			isa = XCBuildConfiguration;
			buildSettings = {
				ASSETCATALOG_COMPILER_APPICON_NAME = AppIcon;
				ASSETCATALOG_COMPILER_GLOBAL_ACCENT_COLOR_NAME = AccentColor;
				CODE_SIGN_STYLE = Automatic;
				CURRENT_PROJECT_VERSION = 1;
				GENERATE_INFOPLIST_FILE = YES;
				INFOPLIST_FILE = "Sayı tahmin uygulaması/Info.plist";
				INFOPLIST_KEY_UIApplicationSupportsIndirectInputEvents = YES;
				INFOPLIST_KEY_UILaunchStoryboardName = LaunchScreen;
				INFOPLIST_KEY_UIMainStoryboardFile = Main;
				INFOPLIST_KEY_UISupportedInterfaceOrientations_iPad = "UIInterfaceOrientationPortrait UIInterfaceOrientationPortraitUpsideDown UIInterfaceOrientationLandscapeLeft UIInterfaceOrientationLandscapeRight";
				INFOPLIST_KEY_UISupportedInterfaceOrientations_iPhone = "UIInterfaceOrientationPortrait UIInterfaceOrientationLandscapeLeft UIInterfaceOrientationLandscapeRight";
				LD_RUNPATH_SEARCH_PATHS = (
					"$(inherited)",
					"@executable_path/Frameworks",
				);
				MARKETING_VERSION = 1.0;
				PRODUCT_BUNDLE_IDENTIFIER = "none.Say--tahmin-uygulamas-";
				PRODUCT_NAME = "$(TARGET_NAME)";
				SWIFT_EMIT_LOC_STRINGS = YES;
				SWIFT_VERSION = 5.0;
				TARGETED_DEVICE_FAMILY = "1,2";
			};
			name = Debug;
		};
		2B0EFFFF2CC128A3005AFC35 /* Release */ = {
			isa = XCBuildConfiguration;
			buildSettings = {
				ASSETCATALOG_COMPILER_APPICON_NAME = AppIcon;
				ASSETCATALOG_COMPILER_GLOBAL_ACCENT_COLOR_NAME = AccentColor;
				CODE_SIGN_STYLE = Automatic;
				CURRENT_PROJECT_VERSION = 1;
				GENERATE_INFOPLIST_FILE = YES;
				INFOPLIST_FILE = "Sayı tahmin uygulaması/Info.plist";
				INFOPLIST_KEY_UIApplicationSupportsIndirectInputEvents = YES;
				INFOPLIST_KEY_UILaunchStoryboardName = LaunchScreen;
				INFOPLIST_KEY_UIMainStoryboardFile = Main;
				INFOPLIST_KEY_UISupportedInterfaceOrientations_iPad = "UIInterfaceOrientationPortrait UIInterfaceOrientationPortraitUpsideDown UIInterfaceOrientationLandscapeLeft UIInterfaceOrientationLandscapeRight";
				INFOPLIST_KEY_UISupportedInterfaceOrientations_iPhone = "UIInterfaceOrientationPortrait UIInterfaceOrientationLandscapeLeft UIInterfaceOrientationLandscapeRight";
				LD_RUNPATH_SEARCH_PATHS = (
					"$(inherited)",
					"@executable_path/Frameworks",
				);
				MARKETING_VERSION = 1.0;
				PRODUCT_BUNDLE_IDENTIFIER = "none.Say--tahmin-uygulamas-";
				PRODUCT_NAME = "$(TARGET_NAME)";
				SWIFT_EMIT_LOC_STRINGS = YES;
				SWIFT_VERSION = 5.0;
				TARGETED_DEVICE_FAMILY = "1,2";
			};
			name = Release;
		};
/* End XCBuildConfiguration section */

/* Begin XCConfigurationList section */
		2B0E00002CC128A3005AFC35 /* Build configuration list for PBXNativeTarget "Sayı tahmin uygulamasıTests" */ = {
			isa = XCConfigurationList;
			buildConfigurations = (
				2B0E00012CC128A3005AFC35 /* Debug */,
				2B0E00022CC128A3005AFC35 /* Release */,
			);
			defaultConfigurationIsVisible = 0;
			defaultConfigurationName = Release;
		};
		2B0E00032CC128A3005AFC35 /* Build configuration list for PBXNativeTarget "Sayı tahmin uygulamasıUITests" */ = {
			isa = XCConfigurationList;
			buildConfigurations = (
				2B0E00042CC128A3005AFC35 /* Debug */,
				2B0E00052CC128A3005AFC35 /* Release */,
			);
			defaultConfigurationIsVisible = 0;
			defaultConfigurationName = Release;
		};
		2B0EFFCE2CC128A2005AFC35 /* Build configuration list for PBXProject "Sayı tahmin uygulaması" */ = {
			isa = XCConfigurationList;
			buildConfigurations = (
				2B0EFFFB2CC128A3005AFC35 /* Debug */,
				2B0EFFFC2CC128A3005AFC35 /* Release */,
			);
			defaultConfigurationIsVisible = 0;
			defaultConfigurationName = Release;
		};
		2B0EFFFD2CC128A3005AFC35 /* Build configuration list for PBXNativeTarget "Sayı tahmin uygulaması" */ = {
			isa = XCConfigurationList;
			buildConfigurations = (
				2B0EFFFE2CC128A3005AFC35 /* Debug */,
				2B0EFFFF2CC128A3005AFC35 /* Release */,
			);
			defaultConfigurationIsVisible = 0;
			defaultConfigurationName = Release;
		};
/* End XCConfigurationList section */
	};
	rootObject = 2B0EFFCB2CC128A2005AFC35 /* Project object */;
}
